// !$*UTF8*$!
{
	archiveVersion = 1;
	classes = {
	};
	objectVersion = 77;
	objects = {

/* Begin PBXBuildFile section */
		2B92124646D90A08EC28CF56 /* ContentView.swift in Sources */ = {isa = PBXBuildFile; fileRef = E31F13593FD02EB6CBFEBE76 /* ContentView.swift */; };
		56F4C06308D49E6974665020 /* AppleIntelligenceResponder.swift in Sources */ = {isa = PBXBuildFile; fileRef = 1D711BAD222761C4414FC689 /* AppleIntelligenceResponder.swift */; };
		A39C3AA07105AFA936C94A25 /* NukoeviBridgeApp.swift in Sources */ = {isa = PBXBuildFile; fileRef = 86488E3E46B05DEA675BE05E /* NukoeviBridgeApp.swift */; };
		CC42C18D6FD156C958DAB587 /* StackChanBridge.swift in Sources */ = {isa = PBXBuildFile; fileRef = B8AD37A6F790B696497ADE2C /* StackChanBridge.swift */; };
/* End PBXBuildFile section */

/* Begin PBXFileReference section */
		1D711BAD222761C4414FC689 /* AppleIntelligenceResponder.swift */ = {isa = PBXFileReference; lastKnownFileType = sourcecode.swift; path = AppleIntelligenceResponder.swift; sourceTree = "<group>"; };
		3AED9A5213E70A4B09A75B76 /* Info.plist */ = {isa = PBXFileReference; lastKnownFileType = text.plist; path = Info.plist; sourceTree = "<group>"; };
		3E153F44541A98716D1DF4EE /* NukoeviBridge.app */ = {isa = PBXFileReference; includeInIndex = 0; lastKnownFileType = wrapper.application; path = NukoeviBridge.app; sourceTree = BUILT_PRODUCTS_DIR; };
		86488E3E46B05DEA675BE05E /* NukoeviBridgeApp.swift */ = {isa = PBXFileReference; lastKnownFileType = sourcecode.swift; path = NukoeviBridgeApp.swift; sourceTree = "<group>"; };
		B8AD37A6F790B696497ADE2C /* StackChanBridge.swift */ = {isa = PBXFileReference; lastKnownFileType = sourcecode.swift; path = StackChanBridge.swift; sourceTree = "<group>"; };
		E31F13593FD02EB6CBFEBE76 /* ContentView.swift */ = {isa = PBXFileReference; lastKnownFileType = sourcecode.swift; path = ContentView.swift; sourceTree = "<group>"; };
/* End PBXFileReference section */

/* Begin PBXGroup section */
		03FFA38A38093DE0F5072F99 /* NukoeviBridge */ = {
			isa = PBXGroup;
			children = (
				1D711BAD222761C4414FC689 /* AppleIntelligenceResponder.swift */,
				E31F13593FD02EB6CBFEBE76 /* ContentView.swift */,
				3AED9A5213E70A4B09A75B76 /* Info.plist */,
				86488E3E46B05DEA675BE05E /* NukoeviBridgeApp.swift */,
				B8AD37A6F790B696497ADE2C /* StackChanBridge.swift */,
			);
			path = NukoeviBridge;
			sourceTree = "<group>";
		};
		2091608268356BF62A774A3A /* Products */ = {
			isa = PBXGroup;
			children = (
				3E153F44541A98716D1DF4EE /* NukoeviBridge.app */,
			);
			name = Products;
			sourceTree = "<group>";
		};
		618730E3F79DD84DDF20F90A = {
			isa = PBXGroup;
			children = (
				03FFA38A38093DE0F5072F99 /* NukoeviBridge */,
				2091608268356BF62A774A3A /* Products */,
			);
			sourceTree = "<group>";
		};
/* End PBXGroup section */

/* Begin PBXNativeTarget section */
		1D821F1A6C5170B10291AAB4 /* NukoeviBridge */ = {
			isa = PBXNativeTarget;
			buildConfigurationList = 0A1799BE8AC35E23C9946A51 /* Build configuration list for PBXNativeTarget "NukoeviBridge" */;
			buildPhases = (
				285BBE947BD2AEC2007F4DD7 /* Sources */,
			);
			buildRules = (
			);
			dependencies = (
			);
			name = NukoeviBridge;
			packageProductDependencies = (
			);
			productName = NukoeviBridge;
			productReference = 3E153F44541A98716D1DF4EE /* NukoeviBridge.app */;
			productType = "com.apple.product-type.application";
		};
/* End PBXNativeTarget section */

/* Begin PBXProject section */
		092DF27BFF6EFAD0D025E1B8 /* Project object */ = {
			isa = PBXProject;
			attributes = {
				BuildIndependentTargetsInParallel = YES;
				LastUpgradeCheck = 1430;
				TargetAttributes = {
					1D821F1A6C5170B10291AAB4 = {
						DevelopmentTeam = S9E7U26GM4;
						ProvisioningStyle = Automatic;
					};
				};
			};
			buildConfigurationList = 589CD4279461BFA684CDB4DD /* Build configuration list for PBXProject "NukoeviBridge" */;
			developmentRegion = en;
			hasScannedForEncodings = 0;
			knownRegions = (
				Base,
				en,
			);
			mainGroup = 618730E3F79DD84DDF20F90A;
			minimizedProjectReferenceProxies = 1;
			preferredProjectObjectVersion = 77;
			productRefGroup = 2091608268356BF62A774A3A /* Products */;
			projectDirPath = "";
			projectRoot = "";
			targets = (
				1D821F1A6C5170B10291AAB4 /* NukoeviBridge */,
			);
		};
/* End PBXProject section */

/* Begin PBXSourcesBuildPhase section */
		285BBE947BD2AEC2007F4DD7 /* Sources */ = {
			isa = PBXSourcesBuildPhase;
			buildActionMask = 2147483647;
			files = (
				56F4C06308D49E6974665020 /* AppleIntelligenceResponder.swift in Sources */,
				2B92124646D90A08EC28CF56 /* ContentView.swift in Sources */,
				A39C3AA07105AFA936C94A25 /* NukoeviBridgeApp.swift in Sources */,
				CC42C18D6FD156C958DAB587 /* StackChanBridge.swift in Sources */,
			);
			runOnlyForDeploymentPostprocessing = 0;
		};
/* End PBXSourcesBuildPhase section */

/* Begin XCBuildConfiguration section */
		71DB8137DAAAF717F406F54A /* Release */ = {
			isa = XCBuildConfiguration;
			buildSettings = {
				ASSETCATALOG_COMPILER_APPICON_NAME = "";
				CODE_SIGN_IDENTITY = "iPhone Developer";
				CODE_SIGN_STYLE = Automatic;
				CURRENT_PROJECT_VERSION = 1;
				DEVELOPMENT_TEAM = S9E7U26GM4;
				INFOPLIST_FILE = NukoeviBridge/Info.plist;
				LD_RUNPATH_SEARCH_PATHS = (
					"$(inherited)",
					"@executable_path/Frameworks",
				);
				MARKETING_VERSION = 1.0;
				PRODUCT_BUNDLE_IDENTIFIER = test.NukoeviBridge;
				SDKROOT = iphoneos;
				TARGETED_DEVICE_FAMILY = "1,2";
			};
			name = Release;
		};
		783CED200F54E75E41FEC0F6 /* Release */ = {
			isa = XCBuildConfiguration;
			buildSettings = {
				ALWAYS_SEARCH_USER_PATHS = NO;
				CLANG_ANALYZER_NONNULL = YES;
				CLANG_ANALYZER_NUMBER_OBJECT_CONVERSION = YES_AGGRESSIVE;
				CLANG_CXX_LANGUAGE_STANDARD = "gnu++14";
				CLANG_CXX_LIBRARY = "libc++";
				CLANG_ENABLE_MODULES = YES;
				CLANG_ENABLE_OBJC_ARC = YES;
				CLANG_ENABLE_OBJC_WEAK = YES;
				CLANG_WARN_BLOCK_CAPTURE_AUTORELEASING = YES;
				CLANG_WARN_BOOL_CONVERSION = YES;
				CLANG_WARN_COMMA = YES;
				CLANG_WARN_CONSTANT_CONVERSION = YES;
				CLANG_WARN_DEPRECATED_OBJC_IMPLEMENTATIONS = YES;
				CLANG_WARN_DIRECT_OBJC_ISA_USAGE = YES_ERROR;
				CLANG_WARN_DOCUMENTATION_COMMENTS = YES;
				CLANG_WARN_EMPTY_BODY = YES;
				CLANG_WARN_ENUM_CONVERSION = YES;
				CLANG_WARN_INFINITE_RECURSION = YES;
				CLANG_WARN_INT_CONVERSION = YES;
				CLANG_WARN_NON_LITERAL_NULL_CONVERSION = YES;
				CLANG_WARN_OBJC_IMPLICIT_RETAIN_SELF = YES;
				CLANG_WARN_OBJC_LITERAL_CONVERSION = YES;
				CLANG_WARN_OBJC_ROOT_CLASS = YES_ERROR;
				CLANG_WARN_QUOTED_INCLUDE_IN_FRAMEWORK_HEADER = YES;
				CLANG_WARN_RANGE_LOOP_ANALYSIS = YES;
				CLANG_WARN_STRICT_PROTOTYPES = YES;
				CLANG_WARN_SUSPICIOUS_MOVE = YES;
				CLANG_WARN_UNGUARDED_AVAILABILITY = YES_AGGRESSIVE;
				CLANG_WARN_UNREACHABLE_CODE = YES;
				CLANG_WARN__DUPLICATE_METHOD_MATCH = YES;
				COPY_PHASE_STRIP = NO;
				DEBUG_INFORMATION_FORMAT = "dwarf-with-dsym";
				ENABLE_NS_ASSERTIONS = NO;
				ENABLE_STRICT_OBJC_MSGSEND = YES;
				GCC_C_LANGUAGE_STANDARD = gnu11;
				GCC_NO_COMMON_BLOCKS = YES;
				GCC_WARN_64_TO_32_BIT_CONVERSION = YES;
				GCC_WARN_ABOUT_RETURN_TYPE = YES_ERROR;
				GCC_WARN_UNDECLARED_SELECTOR = YES;
				GCC_WARN_UNINITIALIZED_AUTOS = YES_AGGRESSIVE;
				GCC_WARN_UNUSED_FUNCTION = YES;
				GCC_WARN_UNUSED_VARIABLE = YES;
				IPHONEOS_DEPLOYMENT_TARGET = 26.0;
				MTL_ENABLE_DEBUG_INFO = NO;
				MTL_FAST_MATH = YES;
				PRODUCT_NAME = "$(TARGET_NAME)";
				SDKROOT = iphoneos;
				SWIFT_COMPILATION_MODE = wholemodule;
				SWIFT_OPTIMIZATION_LEVEL = "-O";
				SWIFT_VERSION = 6.0;
			};
			name = Release;
		};
		A683DBDC106894772BFD073F /* Debug */ = {
			isa = XCBuildConfiguration;
			buildSettings = {
				ALWAYS_SEARCH_USER_PATHS = NO;
				CLANG_ANALYZER_NONNULL = YES;
				CLANG_ANALYZER_NUMBER_OBJECT_CONVERSION = YES_AGGRESSIVE;
				CLANG_CXX_LANGUAGE_STANDARD = "gnu++14";
				CLANG_CXX_LIBRARY = "libc++";
				CLANG_ENABLE_MODULES = YES;
				CLANG_ENABLE_OBJC_ARC = YES;
				CLANG_ENABLE_OBJC_WEAK = YES;
				CLANG_WARN_BLOCK_CAPTURE_AUTORELEASING = YES;
				CLANG_WARN_BOOL_CONVERSION = YES;
				CLANG_WARN_COMMA = YES;
				CLANG_WARN_CONSTANT_CONVERSION = YES;
				CLANG_WARN_DEPRECATED_OBJC_IMPLEMENTATIONS = YES;
				CLANG_WARN_DIRECT_OBJC_ISA_USAGE = YES_ERROR;
				CLANG_WARN_DOCUMENTATION_COMMENTS = YES;
				CLANG_WARN_EMPTY_BODY = YES;
				CLANG_WARN_ENUM_CONVERSION = YES;
				CLANG_WARN_INFINITE_RECURSION = YES;
				CLANG_WARN_INT_CONVERSION = YES;
				CLANG_WARN_NON_LITERAL_NULL_CONVERSION = YES;
				CLANG_WARN_OBJC_IMPLICIT_RETAIN_SELF = YES;
				CLANG_WARN_OBJC_LITERAL_CONVERSION = YES;
				CLANG_WARN_OBJC_ROOT_CLASS = YES_ERROR;
				CLANG_WARN_QUOTED_INCLUDE_IN_FRAMEWORK_HEADER = YES;
				CLANG_WARN_RANGE_LOOP_ANALYSIS = YES;
				CLANG_WARN_STRICT_PROTOTYPES = YES;
				CLANG_WARN_SUSPICIOUS_MOVE = YES;
				CLANG_WARN_UNGUARDED_AVAILABILITY = YES_AGGRESSIVE;
				CLANG_WARN_UNREACHABLE_CODE = YES;
				CLANG_WARN__DUPLICATE_METHOD_MATCH = YES;
				COPY_PHASE_STRIP = NO;
				DEBUG_INFORMATION_FORMAT = dwarf;
				ENABLE_STRICT_OBJC_MSGSEND = YES;
				ENABLE_TESTABILITY = YES;
				GCC_C_LANGUAGE_STANDARD = gnu11;
				GCC_DYNAMIC_NO_PIC = NO;
				GCC_NO_COMMON_BLOCKS = YES;
				GCC_OPTIMIZATION_LEVEL = 0;
				GCC_PREPROCESSOR_DEFINITIONS = (
					"$(inherited)",
					"DEBUG=1",
				);
				GCC_WARN_64_TO_32_BIT_CONVERSION = YES;
				GCC_WARN_ABOUT_RETURN_TYPE = YES_ERROR;
				GCC_WARN_UNDECLARED_SELECTOR = YES;
				GCC_WARN_UNINITIALIZED_AUTOS = YES_AGGRESSIVE;
				GCC_WARN_UNUSED_FUNCTION = YES;
				GCC_WARN_UNUSED_VARIABLE = YES;
				IPHONEOS_DEPLOYMENT_TARGET = 26.0;
				MTL_ENABLE_DEBUG_INFO = INCLUDE_SOURCE;
				MTL_FAST_MATH = YES;
				ONLY_ACTIVE_ARCH = YES;
				PRODUCT_NAME = "$(TARGET_NAME)";
				SDKROOT = iphoneos;
				SWIFT_ACTIVE_COMPILATION_CONDITIONS = DEBUG;
				SWIFT_OPTIMIZATION_LEVEL = "-Onone";
				SWIFT_VERSION = 6.0;
			};
			name = Debug;
		};
		B3A9F568645A6B35DD65977A /* Debug */ = {
			isa = XCBuildConfiguration;
			buildSettings = {
				ASSETCATALOG_COMPILER_APPICON_NAME = "";
				CODE_SIGN_IDENTITY = "iPhone Developer";
				CODE_SIGN_STYLE = Automatic;
				CURRENT_PROJECT_VERSION = 1;
				DEVELOPMENT_TEAM = S9E7U26GM4;
				INFOPLIST_FILE = NukoeviBridge/Info.plist;
				LD_RUNPATH_SEARCH_PATHS = (
					"$(inherited)",
					"@executable_path/Frameworks",
				);
				MARKETING_VERSION = 1.0;
				PRODUCT_BUNDLE_IDENTIFIER = test.NukoeviBridge;
				SDKROOT = iphoneos;
				TARGETED_DEVICE_FAMILY = "1,2";
			};
			name = Debug;
		};
/* End XCBuildConfiguration section */

/* Begin XCConfigurationList section */
		0A1799BE8AC35E23C9946A51 /* Build configuration list for PBXNativeTarget "NukoeviBridge" */ = {
			isa = XCConfigurationList;
			buildConfigurations = (
				B3A9F568645A6B35DD65977A /* Debug */,
				71DB8137DAAAF717F406F54A /* Release */,
			);
			defaultConfigurationIsVisible = 0;
			defaultConfigurationName = Debug;
		};
		589CD4279461BFA684CDB4DD /* Build configuration list for PBXProject "NukoeviBridge" */ = {
			isa = XCConfigurationList;
			buildConfigurations = (
				A683DBDC106894772BFD073F /* Debug */,
				783CED200F54E75E41FEC0F6 /* Release */,
			);
			defaultConfigurationIsVisible = 0;
			defaultConfigurationName = Debug;
		};
/* End XCConfigurationList section */
	};
	rootObject = 092DF27BFF6EFAD0D025E1B8 /* Project object */;
}
